
Microsoft Visual Studio Solution File, Format Version 12.00
# Visual Studio Version 16
VisualStudioVersion = 16.0.28729.10
MinimumVisualStudioVersion = 10.0.40219.1
Project("{FAE04EC0-301F-11D3-BF4B-00C04F79EFBC}") = "Nepak.Web", "Nepak.Web\Nepak.Web.csproj", "{879F7831-9DB9-4B97-B4CA-C28A1E9B7718}"
EndProject
Global
	GlobalSection(SolutionConfigurationPlatforms) = preSolution
		Debug|Any CPU = Debug|Any CPU
		Release|Any CPU = Release|Any CPU
	EndGlobalSection
	GlobalSection(ProjectConfigurationPlatforms) = postSolution
		{879F7831-9DB9-4B97-B4CA-C28A1E9B7718}.Debug|Any CPU.ActiveCfg = Debug|Any CPU
		{879F7831-9DB9-4B97-B4CA-C28A1E9B7718}.Debug|Any CPU.Build.0 = Debug|Any CPU
		{879F7831-9DB9-4B97-B4CA-C28A1E9B7718}.Release|Any CPU.ActiveCfg = Release|Any CPU
		{879F7831-9DB9-4B97-B4CA-C28A1E9B7718}.Release|Any CPU.Build.0 = Release|Any CPU
	EndGlobalSection
	GlobalSection(SolutionProperties) = preSolution
		HideSolutionNode = FALSE
	EndGlobalSection
	GlobalSection(ExtensibilityGlobals) = postSolution
		SolutionGuid = {EE3D94A9-3CEE-444D-A80D-7639F80C5A33}
	EndGlobalSection
EndGlobal
